{
  "name": "tutils",
  "version": "1.0.0",
  "lockfileVersion": 1,
  "requires": true,
  "dependencies": {
    "estree-walker": {
      "version": "0.6.1",
      "resolved": "https://registry.npm.taobao.org/estree-walker/download/estree-walker-0.6.1.tgz",
      "integrity": "sha1-UwSRQ/QMbrkYsjZx0f4yGfOhs2I=",
      "dev": true
    },
    "fsevents": {
      "version": "2.1.3",
      "resolved": "https://registry.npm.taobao.org/fsevents/download/fsevents-2.1.3.tgz?cache=0&sync_timestamp=1604593283990&other_urls=https%3A%2F%2Fregistry.npm.taobao.org%2Ffsevents%2Fdownload%2Ffsevents-2.1.3.tgz",
      "integrity": "sha1-+3OHA66NL5/pAMM4Nt3r7ouX8j4=",
      "dev": true,
      "optional": true
    },
    "rollup": {
      "version": "2.33.1",
      "resolved": "https://registry.npm.taobao.org/rollup/download/rollup-2.33.1.tgz?cache=0&sync_timestamp=1604300133153&other_urls=https%3A%2F%2Fregistry.npm.taobao.org%2Frollup%2Fdownload%2Frollup-2.33.1.tgz",
      "integrity": "sha1-gCeVFkFk7mPNR3adiHnDPsiuDEA=",
      "dev": true,
      "requires": {
        "fsevents": "~2.1.2"
      }
    },
    "rollup-plugin-json": {
      "version": "4.0.0",
      "resolved": "https://registry.npm.taobao.org/rollup-plugin-json/download/rollup-plugin-json-4.0.0.tgz",
      "integrity": "sha1-oY2gpLML9coe523bFCKvu4SuK54=",
      "dev": true,
      "requires": {
        "rollup-pluginutils": "^2.5.0"
      }
    },
    "rollup-pluginutils": {
      "version": "2.8.2",
      "resolved": "https://registry.npm.taobao.org/rollup-pluginutils/download/rollup-pluginutils-2.8.2.tgz",
      "integrity": "sha1-cvKvB0i1kjZNvTOJ5gDlqURKNR4=",
      "dev": true,
      "requires": {
        "estree-walker": "^0.6.1"
      }
    }
  }
}
